// !$*UTF8*$!
{
	archiveVersion = 1;
	classes = {
	};
	objectVersion = 46;
	objects = {

/* Begin PBXBuildFile section */
		6A1F9AB2172E75A900A036E3 /* PlaceAnnotation.m in Sources */ = {isa = PBXBuildFile; fileRef = 6A1F9AB1172E75A900A036E3 /* PlaceAnnotation.m */; };
		6A2693041733636E00C5BA38 /* mylocationbutton.png in Resources */ = {isa = PBXBuildFile; fileRef = 6A2693031733636E00C5BA38 /* mylocationbutton.png */; };
		6A269309173364AF00C5BA38 /* DetailAnnotationViewController.m in Sources */ = {isa = PBXBuildFile; fileRef = 6A269307173364AF00C5BA38 /* DetailAnnotationViewController.m */; };
		6A26930A173364AF00C5BA38 /* DetailAnnotationViewController.xib in Resources */ = {isa = PBXBuildFile; fileRef = 6A269308173364AF00C5BA38 /* DetailAnnotationViewController.xib */; };
		6A26933C17338B1800C5BA38 /* AFHTTPClient.m in Sources */ = {isa = PBXBuildFile; fileRef = 6A26932A17338B1800C5BA38 /* AFHTTPClient.m */; settings = {COMPILER_FLAGS = "-fobjc-arc"; }; };
		6A26933D17338B1800C5BA38 /* AFHTTPRequestOperation.m in Sources */ = {isa = PBXBuildFile; fileRef = 6A26932C17338B1800C5BA38 /* AFHTTPRequestOperation.m */; settings = {COMPILER_FLAGS = "-fobjc-arc"; }; };
		6A26933E17338B1800C5BA38 /* AFImageRequestOperation.m in Sources */ = {isa = PBXBuildFile; fileRef = 6A26932E17338B1800C5BA38 /* AFImageRequestOperation.m */; settings = {COMPILER_FLAGS = "-fobjc-arc"; }; };
		6A26933F17338B1800C5BA38 /* AFJSONRequestOperation.m in Sources */ = {isa = PBXBuildFile; fileRef = 6A26933017338B1800C5BA38 /* AFJSONRequestOperation.m */; settings = {COMPILER_FLAGS = "-fobjc-arc"; }; };
		6A26934017338B1800C5BA38 /* AFNetworkActivityIndicatorManager.m in Sources */ = {isa = PBXBuildFile; fileRef = 6A26933217338B1800C5BA38 /* AFNetworkActivityIndicatorManager.m */; settings = {COMPILER_FLAGS = "-fobjc-arc"; }; };
		6A26934117338B1800C5BA38 /* AFPropertyListRequestOperation.m in Sources */ = {isa = PBXBuildFile; fileRef = 6A26933517338B1800C5BA38 /* AFPropertyListRequestOperation.m */; settings = {COMPILER_FLAGS = "-fobjc-arc"; }; };
		6A26934217338B1800C5BA38 /* AFURLConnectionOperation.m in Sources */ = {isa = PBXBuildFile; fileRef = 6A26933717338B1800C5BA38 /* AFURLConnectionOperation.m */; settings = {COMPILER_FLAGS = "-fobjc-arc"; }; };
		6A26934317338B1800C5BA38 /* AFXMLRequestOperation.m in Sources */ = {isa = PBXBuildFile; fileRef = 6A26933917338B1800C5BA38 /* AFXMLRequestOperation.m */; settings = {COMPILER_FLAGS = "-fobjc-arc"; }; };
		6A26934417338B1800C5BA38 /* UIImageView+AFNetworking.m in Sources */ = {isa = PBXBuildFile; fileRef = 6A26933B17338B1800C5BA38 /* UIImageView+AFNetworking.m */; settings = {COMPILER_FLAGS = "-fobjc-arc"; }; };
		6A3DB60417343DEE008C1CEF /* FilterViewController_iPad.xib in Resources */ = {isa = PBXBuildFile; fileRef = 6A3DB60317343DED008C1CEF /* FilterViewController_iPad.xib */; };
		6A3DB60617343E23008C1CEF /* DetailAnnotationViewController_iPad.xib in Resources */ = {isa = PBXBuildFile; fileRef = 6A3DB60517343E23008C1CEF /* DetailAnnotationViewController_iPad.xib */; };
		6A4CC2BB1736037C0009B9D5 /* Icon-72.png in Resources */ = {isa = PBXBuildFile; fileRef = 6A4CC2B71736037C0009B9D5 /* Icon-72.png */; };
		6A4CC2BC1736037C0009B9D5 /* Icon-72@2x.png in Resources */ = {isa = PBXBuildFile; fileRef = 6A4CC2B81736037C0009B9D5 /* Icon-72@2x.png */; };
		6A4CC2BD1736037C0009B9D5 /* Icon.png in Resources */ = {isa = PBXBuildFile; fileRef = 6A4CC2B91736037C0009B9D5 /* Icon.png */; };
		6A4CC2BE1736037C0009B9D5 /* Icon@2x.png in Resources */ = {isa = PBXBuildFile; fileRef = 6A4CC2BA1736037C0009B9D5 /* Icon@2x.png */; };
		6A4CC2C0173610970009B9D5 /* CityViewCell.xib in Resources */ = {isa = PBXBuildFile; fileRef = 6A4CC2BF173610970009B9D5 /* CityViewCell.xib */; };
		6A68C1E0172AEDD50015D2F3 /* CityGuideCoreDataManager.m in Sources */ = {isa = PBXBuildFile; fileRef = 6A68C1DF172AEDD50015D2F3 /* CityGuideCoreDataManager.m */; };
		6A68C1E3172AF4580015D2F3 /* Places+Custom.m in Sources */ = {isa = PBXBuildFile; fileRef = 6A68C1E2172AF4570015D2F3 /* Places+Custom.m */; };
		6A8076821734B4FD00AD0CD7 /* DetailAnnotationViewCell.m in Sources */ = {isa = PBXBuildFile; fileRef = 6A8076811734B4FD00AD0CD7 /* DetailAnnotationViewCell.m */; };
		6A8076841734B51400AD0CD7 /* DetailAnnotationViewCell.xib in Resources */ = {isa = PBXBuildFile; fileRef = 6A8076831734B51400AD0CD7 /* DetailAnnotationViewCell.xib */; };
		6A8076871734C43500AD0CD7 /* UILabel+Custom.m in Sources */ = {isa = PBXBuildFile; fileRef = 6A8076861734C43500AD0CD7 /* UILabel+Custom.m */; };
		6A82779B1735F83D0018951A /* DetailAnnotationViewCell_iPad.xib in Resources */ = {isa = PBXBuildFile; fileRef = 6A82779A1735F83D0018951A /* DetailAnnotationViewCell_iPad.xib */; };
		9A03449B172B766C00042F42 /* MBProgressHUD.m in Sources */ = {isa = PBXBuildFile; fileRef = 9A03449A172B766C00042F42 /* MBProgressHUD.m */; };
		9A1A7048172B863300024317 /* NSDictionary+EmptyString.m in Sources */ = {isa = PBXBuildFile; fileRef = 9A1A7047172B863300024317 /* NSDictionary+EmptyString.m */; };
		9A1A704B172B87FD00024317 /* Places.m in Sources */ = {isa = PBXBuildFile; fileRef = 9A1A704A172B87FD00024317 /* Places.m */; };
		9A1A7050172B901200024317 /* FilterViewController.m in Sources */ = {isa = PBXBuildFile; fileRef = 9A1A704E172B901200024317 /* FilterViewController.m */; };
		9A1A7051172B901200024317 /* FilterViewController.xib in Resources */ = {isa = PBXBuildFile; fileRef = 9A1A704F172B901200024317 /* FilterViewController.xib */; };
		9A1A7055172B941800024317 /* Reachability.m in Sources */ = {isa = PBXBuildFile; fileRef = 9A1A7054172B941800024317 /* Reachability.m */; settings = {COMPILER_FLAGS = "-fobjc-arc"; }; };
		9A1A7059172B944400024317 /* CFNetwork.framework in Frameworks */ = {isa = PBXBuildFile; fileRef = 9A1A7058172B944400024317 /* CFNetwork.framework */; };
		9A5281761733A36300576445 /* MobileCoreServices.framework in Frameworks */ = {isa = PBXBuildFile; fileRef = 9A5281741733A36300576445 /* MobileCoreServices.framework */; };
		9A5281771733A36300576445 /* SystemConfiguration.framework in Frameworks */ = {isa = PBXBuildFile; fileRef = 9A5281751733A36300576445 /* SystemConfiguration.framework */; };
		9A6C72DE1732119A00A9B798 /* Utils.m in Sources */ = {isa = PBXBuildFile; fileRef = 9A6C72DD1732119A00A9B798 /* Utils.m */; };
		9A6C72EA1732434200A9B798 /* DDAnnotation.m in Sources */ = {isa = PBXBuildFile; fileRef = 9A6C72E11732434200A9B798 /* DDAnnotation.m */; };
		9A6C72EB1732434200A9B798 /* DDAnnotationView.m in Sources */ = {isa = PBXBuildFile; fileRef = 9A6C72E31732434200A9B798 /* DDAnnotationView.m */; };
		9A6C72EC1732434200A9B798 /* Pin.png in Resources */ = {isa = PBXBuildFile; fileRef = 9A6C72E41732434200A9B798 /* Pin.png */; };
		9A6C72ED1732434200A9B798 /* PinDown1.png in Resources */ = {isa = PBXBuildFile; fileRef = 9A6C72E51732434200A9B798 /* PinDown1.png */; };
		9A6C72EE1732434200A9B798 /* PinDown2.png in Resources */ = {isa = PBXBuildFile; fileRef = 9A6C72E61732434200A9B798 /* PinDown2.png */; };
		9A6C72EF1732434200A9B798 /* PinDown3.png in Resources */ = {isa = PBXBuildFile; fileRef = 9A6C72E71732434200A9B798 /* PinDown3.png */; };
		9A6C72F01732434200A9B798 /* PinFloating.png in Resources */ = {isa = PBXBuildFile; fileRef = 9A6C72E81732434200A9B798 /* PinFloating.png */; };
		9A6C72F11732434200A9B798 /* PinShadow.png in Resources */ = {isa = PBXBuildFile; fileRef = 9A6C72E91732434200A9B798 /* PinShadow.png */; };
		9A6C72F31732448F00A9B798 /* QuartzCore.framework in Frameworks */ = {isa = PBXBuildFile; fileRef = 9A6C72F21732448F00A9B798 /* QuartzCore.framework */; };
		9A6C72F517324FA900A9B798 /* starIcon.png in Resources */ = {isa = PBXBuildFile; fileRef = 9A6C72F417324FA900A9B798 /* starIcon.png */; };
		9A7C14A9172B9BAE00137792 /* down_button.png in Resources */ = {isa = PBXBuildFile; fileRef = 9A7C14A7172B9BAE00137792 /* down_button.png */; };
		9A7C14AA172B9BAE00137792 /* up_button.png in Resources */ = {isa = PBXBuildFile; fileRef = 9A7C14A8172B9BAE00137792 /* up_button.png */; };
		9ABFCD20172A2FED0022A9C4 /* UIKit.framework in Frameworks */ = {isa = PBXBuildFile; fileRef = 9ABFCD1F172A2FED0022A9C4 /* UIKit.framework */; };
		9ABFCD22172A2FED0022A9C4 /* Foundation.framework in Frameworks */ = {isa = PBXBuildFile; fileRef = 9ABFCD21172A2FED0022A9C4 /* Foundation.framework */; };
		9ABFCD24172A2FED0022A9C4 /* CoreGraphics.framework in Frameworks */ = {isa = PBXBuildFile; fileRef = 9ABFCD23172A2FED0022A9C4 /* CoreGraphics.framework */; };
		9ABFCD2A172A2FED0022A9C4 /* InfoPlist.strings in Resources */ = {isa = PBXBuildFile; fileRef = 9ABFCD28172A2FED0022A9C4 /* InfoPlist.strings */; };
		9ABFCD2C172A2FED0022A9C4 /* main.m in Sources */ = {isa = PBXBuildFile; fileRef = 9ABFCD2B172A2FED0022A9C4 /* main.m */; };
		9ABFCD30172A2FED0022A9C4 /* AppDelegate.m in Sources */ = {isa = PBXBuildFile; fileRef = 9ABFCD2F172A2FED0022A9C4 /* AppDelegate.m */; };
		9ABFCD32172A2FED0022A9C4 /* Default.png in Resources */ = {isa = PBXBuildFile; fileRef = 9ABFCD31172A2FED0022A9C4 /* Default.png */; };
		9ABFCD34172A2FED0022A9C4 /* Default@2x.png in Resources */ = {isa = PBXBuildFile; fileRef = 9ABFCD33172A2FED0022A9C4 /* Default@2x.png */; };
		9ABFCD52172A35880022A9C4 /* HomeViewController.m in Sources */ = {isa = PBXBuildFile; fileRef = 9ABFCD50172A35880022A9C4 /* HomeViewController.m */; };
		9ABFCD53172A35880022A9C4 /* HomeViewController.xib in Resources */ = {isa = PBXBuildFile; fileRef = 9ABFCD51172A35880022A9C4 /* HomeViewController.xib */; };
		9ABFCD98172A36E50022A9C4 /* HomeViewController_iPad.xib in Resources */ = {isa = PBXBuildFile; fileRef = 9ABFCD97172A36E50022A9C4 /* HomeViewController_iPad.xib */; };
		9ABFCD9A172A50600022A9C4 /* MapKit.framework in Frameworks */ = {isa = PBXBuildFile; fileRef = 9ABFCD99172A50600022A9C4 /* MapKit.framework */; };
		9ABFCD9C172A50660022A9C4 /* CoreLocation.framework in Frameworks */ = {isa = PBXBuildFile; fileRef = 9ABFCD9B172A50660022A9C4 /* CoreLocation.framework */; };
		9ABFCD9E172A506C0022A9C4 /* CoreData.framework in Frameworks */ = {isa = PBXBuildFile; fileRef = 9ABFCD9D172A506C0022A9C4 /* CoreData.framework */; };
		9ABFCDA0172A51510022A9C4 /* SearchToolbarBackground.png in Resources */ = {isa = PBXBuildFile; fileRef = 9ABFCD9F172A51510022A9C4 /* SearchToolbarBackground.png */; };
		9ABFCDA2172A53F40022A9C4 /* button01.png in Resources */ = {isa = PBXBuildFile; fileRef = 9ABFCDA1172A53F40022A9C4 /* button01.png */; };
		9ABFCDC3172A747E0022A9C4 /* CityGuideModel.xcdatamodeld in Sources */ = {isa = PBXBuildFile; fileRef = 9ABFCDC1172A747E0022A9C4 /* CityGuideModel.xcdatamodeld */; };
		9AF13D0B1732A0D0002F0909 /* FilterViewCell.m in Sources */ = {isa = PBXBuildFile; fileRef = 9AF13D0A1732A0D0002F0909 /* FilterViewCell.m */; };
		9AF13D0D1732A0E3002F0909 /* FilterViewCell.xib in Resources */ = {isa = PBXBuildFile; fileRef = 9AF13D0C1732A0E3002F0909 /* FilterViewCell.xib */; };
/* End PBXBuildFile section */

/* Begin PBXFileReference section */
		6A1F9AB0172E75A900A036E3 /* PlaceAnnotation.h */ = {isa = PBXFileReference; fileEncoding = 4; lastKnownFileType = sourcecode.c.h; path = PlaceAnnotation.h; sourceTree = "<group>"; };
		6A1F9AB1172E75A900A036E3 /* PlaceAnnotation.m */ = {isa = PBXFileReference; fileEncoding = 4; lastKnownFileType = sourcecode.c.objc; path = PlaceAnnotation.m; sourceTree = "<group>"; };
		6A2693031733636E00C5BA38 /* mylocationbutton.png */ = {isa = PBXFileReference; lastKnownFileType = image.png; path = mylocationbutton.png; sourceTree = "<group>"; };
		6A269306173364AF00C5BA38 /* DetailAnnotationViewController.h */ = {isa = PBXFileReference; fileEncoding = 4; lastKnownFileType = sourcecode.c.h; path = DetailAnnotationViewController.h; sourceTree = "<group>"; };
		6A269307173364AF00C5BA38 /* DetailAnnotationViewController.m */ = {isa = PBXFileReference; fileEncoding = 4; lastKnownFileType = sourcecode.c.objc; path = DetailAnnotationViewController.m; sourceTree = "<group>"; };
		6A269308173364AF00C5BA38 /* DetailAnnotationViewController.xib */ = {isa = PBXFileReference; fileEncoding = 4; lastKnownFileType = file.xib; path = DetailAnnotationViewController.xib; sourceTree = "<group>"; };
		6A26932917338B1800C5BA38 /* AFHTTPClient.h */ = {isa = PBXFileReference; fileEncoding = 4; lastKnownFileType = sourcecode.c.h; path = AFHTTPClient.h; sourceTree = "<group>"; };
		6A26932A17338B1800C5BA38 /* AFHTTPClient.m */ = {isa = PBXFileReference; fileEncoding = 4; lastKnownFileType = sourcecode.c.objc; path = AFHTTPClient.m; sourceTree = "<group>"; };
		6A26932B17338B1800C5BA38 /* AFHTTPRequestOperation.h */ = {isa = PBXFileReference; fileEncoding = 4; lastKnownFileType = sourcecode.c.h; path = AFHTTPRequestOperation.h; sourceTree = "<group>"; };
		6A26932C17338B1800C5BA38 /* AFHTTPRequestOperation.m */ = {isa = PBXFileReference; fileEncoding = 4; lastKnownFileType = sourcecode.c.objc; path = AFHTTPRequestOperation.m; sourceTree = "<group>"; };
		6A26932D17338B1800C5BA38 /* AFImageRequestOperation.h */ = {isa = PBXFileReference; fileEncoding = 4; lastKnownFileType = sourcecode.c.h; path = AFImageRequestOperation.h; sourceTree = "<group>"; };
		6A26932E17338B1800C5BA38 /* AFImageRequestOperation.m */ = {isa = PBXFileReference; fileEncoding = 4; lastKnownFileType = sourcecode.c.objc; path = AFImageRequestOperation.m; sourceTree = "<group>"; };
		6A26932F17338B1800C5BA38 /* AFJSONRequestOperation.h */ = {isa = PBXFileReference; fileEncoding = 4; lastKnownFileType = sourcecode.c.h; path = AFJSONRequestOperation.h; sourceTree = "<group>"; };
		6A26933017338B1800C5BA38 /* AFJSONRequestOperation.m */ = {isa = PBXFileReference; fileEncoding = 4; lastKnownFileType = sourcecode.c.objc; path = AFJSONRequestOperation.m; sourceTree = "<group>"; };
		6A26933117338B1800C5BA38 /* AFNetworkActivityIndicatorManager.h */ = {isa = PBXFileReference; fileEncoding = 4; lastKnownFileType = sourcecode.c.h; path = AFNetworkActivityIndicatorManager.h; sourceTree = "<group>"; };
		6A26933217338B1800C5BA38 /* AFNetworkActivityIndicatorManager.m */ = {isa = PBXFileReference; fileEncoding = 4; lastKnownFileType = sourcecode.c.objc; path = AFNetworkActivityIndicatorManager.m; sourceTree = "<group>"; };
		6A26933317338B1800C5BA38 /* AFNetworking.h */ = {isa = PBXFileReference; fileEncoding = 4; lastKnownFileType = sourcecode.c.h; path = AFNetworking.h; sourceTree = "<group>"; };
		6A26933417338B1800C5BA38 /* AFPropertyListRequestOperation.h */ = {isa = PBXFileReference; fileEncoding = 4; lastKnownFileType = sourcecode.c.h; path = AFPropertyListRequestOperation.h; sourceTree = "<group>"; };
		6A26933517338B1800C5BA38 /* AFPropertyListRequestOperation.m */ = {isa = PBXFileReference; fileEncoding = 4; lastKnownFileType = sourcecode.c.objc; path = AFPropertyListRequestOperation.m; sourceTree = "<group>"; };
		6A26933617338B1800C5BA38 /* AFURLConnectionOperation.h */ = {isa = PBXFileReference; fileEncoding = 4; lastKnownFileType = sourcecode.c.h; path = AFURLConnectionOperation.h; sourceTree = "<group>"; };
		6A26933717338B1800C5BA38 /* AFURLConnectionOperation.m */ = {isa = PBXFileReference; fileEncoding = 4; lastKnownFileType = sourcecode.c.objc; path = AFURLConnectionOperation.m; sourceTree = "<group>"; };
		6A26933817338B1800C5BA38 /* AFXMLRequestOperation.h */ = {isa = PBXFileReference; fileEncoding = 4; lastKnownFileType = sourcecode.c.h; path = AFXMLRequestOperation.h; sourceTree = "<group>"; };
		6A26933917338B1800C5BA38 /* AFXMLRequestOperation.m */ = {isa = PBXFileReference; fileEncoding = 4; lastKnownFileType = sourcecode.c.objc; path = AFXMLRequestOperation.m; sourceTree = "<group>"; };
		6A26933A17338B1800C5BA38 /* UIImageView+AFNetworking.h */ = {isa = PBXFileReference; fileEncoding = 4; lastKnownFileType = sourcecode.c.h; path = "UIImageView+AFNetworking.h"; sourceTree = "<group>"; };
		6A26933B17338B1800C5BA38 /* UIImageView+AFNetworking.m */ = {isa = PBXFileReference; fileEncoding = 4; lastKnownFileType = sourcecode.c.objc; path = "UIImageView+AFNetworking.m"; sourceTree = "<group>"; };
		6A3DB60317343DED008C1CEF /* FilterViewController_iPad.xib */ = {isa = PBXFileReference; fileEncoding = 4; lastKnownFileType = file.xib; path = FilterViewController_iPad.xib; sourceTree = "<group>"; };
		6A3DB60517343E23008C1CEF /* DetailAnnotationViewController_iPad.xib */ = {isa = PBXFileReference; fileEncoding = 4; lastKnownFileType = file.xib; path = DetailAnnotationViewController_iPad.xib; sourceTree = "<group>"; };
		6A4CC2B71736037C0009B9D5 /* Icon-72.png */ = {isa = PBXFileReference; lastKnownFileType = image.png; path = "Icon-72.png"; sourceTree = "<group>"; };
		6A4CC2B81736037C0009B9D5 /* Icon-72@2x.png */ = {isa = PBXFileReference; lastKnownFileType = image.png; path = "Icon-72@2x.png"; sourceTree = "<group>"; };
		6A4CC2B91736037C0009B9D5 /* Icon.png */ = {isa = PBXFileReference; lastKnownFileType = image.png; path = Icon.png; sourceTree = "<group>"; };
		6A4CC2BA1736037C0009B9D5 /* Icon@2x.png */ = {isa = PBXFileReference; lastKnownFileType = image.png; path = "Icon@2x.png"; sourceTree = "<group>"; };
		6A4CC2BF173610970009B9D5 /* CityViewCell.xib */ = {isa = PBXFileReference; fileEncoding = 4; lastKnownFileType = file.xib; path = CityViewCell.xib; sourceTree = "<group>"; };
		6A68C1DE172AEDD50015D2F3 /* CityGuideCoreDataManager.h */ = {isa = PBXFileReference; fileEncoding = 4; lastKnownFileType = sourcecode.c.h; path = CityGuideCoreDataManager.h; sourceTree = "<group>"; };
		6A68C1DF172AEDD50015D2F3 /* CityGuideCoreDataManager.m */ = {isa = PBXFileReference; fileEncoding = 4; lastKnownFileType = sourcecode.c.objc; path = CityGuideCoreDataManager.m; sourceTree = "<group>"; };
		6A68C1E1172AF4570015D2F3 /* Places+Custom.h */ = {isa = PBXFileReference; fileEncoding = 4; lastKnownFileType = sourcecode.c.h; path = "Places+Custom.h"; sourceTree = "<group>"; };
		6A68C1E2172AF4570015D2F3 /* Places+Custom.m */ = {isa = PBXFileReference; fileEncoding = 4; lastKnownFileType = sourcecode.c.objc; path = "Places+Custom.m"; sourceTree = "<group>"; };
		6A8076801734B4FD00AD0CD7 /* DetailAnnotationViewCell.h */ = {isa = PBXFileReference; fileEncoding = 4; lastKnownFileType = sourcecode.c.h; path = DetailAnnotationViewCell.h; sourceTree = "<group>"; };
		6A8076811734B4FD00AD0CD7 /* DetailAnnotationViewCell.m */ = {isa = PBXFileReference; fileEncoding = 4; lastKnownFileType = sourcecode.c.objc; path = DetailAnnotationViewCell.m; sourceTree = "<group>"; };
		6A8076831734B51400AD0CD7 /* DetailAnnotationViewCell.xib */ = {isa = PBXFileReference; fileEncoding = 4; lastKnownFileType = file.xib; path = DetailAnnotationViewCell.xib; sourceTree = "<group>"; };
		6A8076851734C43500AD0CD7 /* UILabel+Custom.h */ = {isa = PBXFileReference; fileEncoding = 4; lastKnownFileType = sourcecode.c.h; path = "UILabel+Custom.h"; sourceTree = "<group>"; };
		6A8076861734C43500AD0CD7 /* UILabel+Custom.m */ = {isa = PBXFileReference; fileEncoding = 4; lastKnownFileType = sourcecode.c.objc; path = "UILabel+Custom.m"; sourceTree = "<group>"; };
		6A82779A1735F83D0018951A /* DetailAnnotationViewCell_iPad.xib */ = {isa = PBXFileReference; fileEncoding = 4; lastKnownFileType = file.xib; path = DetailAnnotationViewCell_iPad.xib; sourceTree = "<group>"; };
		9A034499172B766C00042F42 /* MBProgressHUD.h */ = {isa = PBXFileReference; fileEncoding = 4; lastKnownFileType = sourcecode.c.h; path = MBProgressHUD.h; sourceTree = "<group>"; };
		9A03449A172B766C00042F42 /* MBProgressHUD.m */ = {isa = PBXFileReference; fileEncoding = 4; lastKnownFileType = sourcecode.c.objc; path = MBProgressHUD.m; sourceTree = "<group>"; };
		9A1A7046172B863300024317 /* NSDictionary+EmptyString.h */ = {isa = PBXFileReference; fileEncoding = 4; lastKnownFileType = sourcecode.c.h; path = "NSDictionary+EmptyString.h"; sourceTree = "<group>"; };
		9A1A7047172B863300024317 /* NSDictionary+EmptyString.m */ = {isa = PBXFileReference; fileEncoding = 4; lastKnownFileType = sourcecode.c.objc; path = "NSDictionary+EmptyString.m"; sourceTree = "<group>"; };
		9A1A7049172B87FD00024317 /* Places.h */ = {isa = PBXFileReference; fileEncoding = 4; lastKnownFileType = sourcecode.c.h; path = Places.h; sourceTree = "<group>"; };
		9A1A704A172B87FD00024317 /* Places.m */ = {isa = PBXFileReference; fileEncoding = 4; lastKnownFileType = sourcecode.c.objc; path = Places.m; sourceTree = "<group>"; };
		9A1A704D172B901200024317 /* FilterViewController.h */ = {isa = PBXFileReference; fileEncoding = 4; lastKnownFileType = sourcecode.c.h; path = FilterViewController.h; sourceTree = "<group>"; };
		9A1A704E172B901200024317 /* FilterViewController.m */ = {isa = PBXFileReference; fileEncoding = 4; lastKnownFileType = sourcecode.c.objc; path = FilterViewController.m; sourceTree = "<group>"; };
		9A1A704F172B901200024317 /* FilterViewController.xib */ = {isa = PBXFileReference; fileEncoding = 4; lastKnownFileType = file.xib; path = FilterViewController.xib; sourceTree = "<group>"; };
		9A1A7053172B941800024317 /* Reachability.h */ = {isa = PBXFileReference; fileEncoding = 4; lastKnownFileType = sourcecode.c.h; path = Reachability.h; sourceTree = "<group>"; };
		9A1A7054172B941800024317 /* Reachability.m */ = {isa = PBXFileReference; fileEncoding = 4; lastKnownFileType = sourcecode.c.objc; path = Reachability.m; sourceTree = "<group>"; };
		9A1A7058172B944400024317 /* CFNetwork.framework */ = {isa = PBXFileReference; lastKnownFileType = wrapper.framework; name = CFNetwork.framework; path = System/Library/Frameworks/CFNetwork.framework; sourceTree = SDKROOT; };
		9A5281741733A36300576445 /* MobileCoreServices.framework */ = {isa = PBXFileReference; lastKnownFileType = wrapper.framework; name = MobileCoreServices.framework; path = System/Library/Frameworks/MobileCoreServices.framework; sourceTree = SDKROOT; };
		9A5281751733A36300576445 /* SystemConfiguration.framework */ = {isa = PBXFileReference; lastKnownFileType = wrapper.framework; name = SystemConfiguration.framework; path = System/Library/Frameworks/SystemConfiguration.framework; sourceTree = SDKROOT; };
		9A6C72DC1732119A00A9B798 /* Utils.h */ = {isa = PBXFileReference; fileEncoding = 4; lastKnownFileType = sourcecode.c.h; path = Utils.h; sourceTree = "<group>"; };
		9A6C72DD1732119A00A9B798 /* Utils.m */ = {isa = PBXFileReference; fileEncoding = 4; lastKnownFileType = sourcecode.c.objc; path = Utils.m; sourceTree = "<group>"; };
		9A6C72E01732434200A9B798 /* DDAnnotation.h */ = {isa = PBXFileReference; fileEncoding = 4; lastKnownFileType = sourcecode.c.h; path = DDAnnotation.h; sourceTree = "<group>"; };
		9A6C72E11732434200A9B798 /* DDAnnotation.m */ = {isa = PBXFileReference; fileEncoding = 4; lastKnownFileType = sourcecode.c.objc; path = DDAnnotation.m; sourceTree = "<group>"; };
		9A6C72E21732434200A9B798 /* DDAnnotationView.h */ = {isa = PBXFileReference; fileEncoding = 4; lastKnownFileType = sourcecode.c.h; path = DDAnnotationView.h; sourceTree = "<group>"; };
		9A6C72E31732434200A9B798 /* DDAnnotationView.m */ = {isa = PBXFileReference; fileEncoding = 4; lastKnownFileType = sourcecode.c.objc; path = DDAnnotationView.m; sourceTree = "<group>"; };
		9A6C72E41732434200A9B798 /* Pin.png */ = {isa = PBXFileReference; lastKnownFileType = image.png; path = Pin.png; sourceTree = "<group>"; };
		9A6C72E51732434200A9B798 /* PinDown1.png */ = {isa = PBXFileReference; lastKnownFileType = image.png; path = PinDown1.png; sourceTree = "<group>"; };
		9A6C72E61732434200A9B798 /* PinDown2.png */ = {isa = PBXFileReference; lastKnownFileType = image.png; path = PinDown2.png; sourceTree = "<group>"; };
		9A6C72E71732434200A9B798 /* PinDown3.png */ = {isa = PBXFileReference; lastKnownFileType = image.png; path = PinDown3.png; sourceTree = "<group>"; };
		9A6C72E81732434200A9B798 /* PinFloating.png */ = {isa = PBXFileReference; lastKnownFileType = image.png; path = PinFloating.png; sourceTree = "<group>"; };
		9A6C72E91732434200A9B798 /* PinShadow.png */ = {isa = PBXFileReference; lastKnownFileType = image.png; path = PinShadow.png; sourceTree = "<group>"; };
		9A6C72F21732448F00A9B798 /* QuartzCore.framework */ = {isa = PBXFileReference; lastKnownFileType = wrapper.framework; name = QuartzCore.framework; path = System/Library/Frameworks/QuartzCore.framework; sourceTree = SDKROOT; };
		9A6C72F417324FA900A9B798 /* starIcon.png */ = {isa = PBXFileReference; lastKnownFileType = image.png; path = starIcon.png; sourceTree = "<group>"; };
		9A7C14A7172B9BAE00137792 /* down_button.png */ = {isa = PBXFileReference; lastKnownFileType = image.png; path = down_button.png; sourceTree = "<group>"; };
		9A7C14A8172B9BAE00137792 /* up_button.png */ = {isa = PBXFileReference; lastKnownFileType = image.png; path = up_button.png; sourceTree = "<group>"; };
		9ABFCD1C172A2FED0022A9C4 /* City Guide.app */ = {isa = PBXFileReference; explicitFileType = wrapper.application; includeInIndex = 0; path = "City Guide.app"; sourceTree = BUILT_PRODUCTS_DIR; };
		9ABFCD1F172A2FED0022A9C4 /* UIKit.framework */ = {isa = PBXFileReference; lastKnownFileType = wrapper.framework; name = UIKit.framework; path = System/Library/Frameworks/UIKit.framework; sourceTree = SDKROOT; };
		9ABFCD21172A2FED0022A9C4 /* Foundation.framework */ = {isa = PBXFileReference; lastKnownFileType = wrapper.framework; name = Foundation.framework; path = System/Library/Frameworks/Foundation.framework; sourceTree = SDKROOT; };
		9ABFCD23172A2FED0022A9C4 /* CoreGraphics.framework */ = {isa = PBXFileReference; lastKnownFileType = wrapper.framework; name = CoreGraphics.framework; path = System/Library/Frameworks/CoreGraphics.framework; sourceTree = SDKROOT; };
		9ABFCD27172A2FED0022A9C4 /* CityGuide-Info.plist */ = {isa = PBXFileReference; lastKnownFileType = text.plist.xml; path = "CityGuide-Info.plist"; sourceTree = "<group>"; };
		9ABFCD29172A2FED0022A9C4 /* en */ = {isa = PBXFileReference; lastKnownFileType = text.plist.strings; name = en; path = en.lproj/InfoPlist.strings; sourceTree = "<group>"; };
		9ABFCD2B172A2FED0022A9C4 /* main.m */ = {isa = PBXFileReference; lastKnownFileType = sourcecode.c.objc; path = main.m; sourceTree = "<group>"; };
		9ABFCD2D172A2FED0022A9C4 /* CityGuide-Prefix.pch */ = {isa = PBXFileReference; lastKnownFileType = sourcecode.c.h; path = "CityGuide-Prefix.pch"; sourceTree = "<group>"; };
		9ABFCD2E172A2FED0022A9C4 /* AppDelegate.h */ = {isa = PBXFileReference; lastKnownFileType = sourcecode.c.h; path = AppDelegate.h; sourceTree = "<group>"; };
		9ABFCD2F172A2FED0022A9C4 /* AppDelegate.m */ = {isa = PBXFileReference; lastKnownFileType = sourcecode.c.objc; path = AppDelegate.m; sourceTree = "<group>"; };
		9ABFCD31172A2FED0022A9C4 /* Default.png */ = {isa = PBXFileReference; lastKnownFileType = image.png; path = Default.png; sourceTree = "<group>"; };
		9ABFCD33172A2FED0022A9C4 /* Default@2x.png */ = {isa = PBXFileReference; lastKnownFileType = image.png; path = "Default@2x.png"; sourceTree = "<group>"; };
		9ABFCD4F172A35880022A9C4 /* HomeViewController.h */ = {isa = PBXFileReference; fileEncoding = 4; lastKnownFileType = sourcecode.c.h; path = HomeViewController.h; sourceTree = "<group>"; };
		9ABFCD50172A35880022A9C4 /* HomeViewController.m */ = {isa = PBXFileReference; fileEncoding = 4; lastKnownFileType = sourcecode.c.objc; path = HomeViewController.m; sourceTree = "<group>"; };
		9ABFCD51172A35880022A9C4 /* HomeViewController.xib */ = {isa = PBXFileReference; fileEncoding = 4; lastKnownFileType = file.xib; path = HomeViewController.xib; sourceTree = "<group>"; };
		9ABFCD97172A36E50022A9C4 /* HomeViewController_iPad.xib */ = {isa = PBXFileReference; fileEncoding = 4; lastKnownFileType = file.xib; path = HomeViewController_iPad.xib; sourceTree = "<group>"; };
		9ABFCD99172A50600022A9C4 /* MapKit.framework */ = {isa = PBXFileReference; lastKnownFileType = wrapper.framework; name = MapKit.framework; path = System/Library/Frameworks/MapKit.framework; sourceTree = SDKROOT; };
		9ABFCD9B172A50660022A9C4 /* CoreLocation.framework */ = {isa = PBXFileReference; lastKnownFileType = wrapper.framework; name = CoreLocation.framework; path = System/Library/Frameworks/CoreLocation.framework; sourceTree = SDKROOT; };
		9ABFCD9D172A506C0022A9C4 /* CoreData.framework */ = {isa = PBXFileReference; lastKnownFileType = wrapper.framework; name = CoreData.framework; path = System/Library/Frameworks/CoreData.framework; sourceTree = SDKROOT; };
		9ABFCD9F172A51510022A9C4 /* SearchToolbarBackground.png */ = {isa = PBXFileReference; lastKnownFileType = image.png; path = SearchToolbarBackground.png; sourceTree = "<group>"; };
		9ABFCDA1172A53F40022A9C4 /* button01.png */ = {isa = PBXFileReference; lastKnownFileType = image.png; path = button01.png; sourceTree = "<group>"; };
		9ABFCDA3172A55090022A9C4 /* Define.h */ = {isa = PBXFileReference; lastKnownFileType = sourcecode.c.h; path = Define.h; sourceTree = "<group>"; };
		9ABFCDC2172A747E0022A9C4 /* CityGuideModel.xcdatamodel */ = {isa = PBXFileReference; lastKnownFileType = wrapper.xcdatamodel; path = CityGuideModel.xcdatamodel; sourceTree = "<group>"; };
		9AF13D091732A0D0002F0909 /* FilterViewCell.h */ = {isa = PBXFileReference; fileEncoding = 4; lastKnownFileType = sourcecode.c.h; path = FilterViewCell.h; sourceTree = "<group>"; };
		9AF13D0A1732A0D0002F0909 /* FilterViewCell.m */ = {isa = PBXFileReference; fileEncoding = 4; lastKnownFileType = sourcecode.c.objc; path = FilterViewCell.m; sourceTree = "<group>"; };
		9AF13D0C1732A0E3002F0909 /* FilterViewCell.xib */ = {isa = PBXFileReference; fileEncoding = 4; lastKnownFileType = file.xib; path = FilterViewCell.xib; sourceTree = "<group>"; };
/* End PBXFileReference section */

/* Begin PBXFrameworksBuildPhase section */
		9ABFCD19172A2FED0022A9C4 /* Frameworks */ = {
			isa = PBXFrameworksBuildPhase;
			buildActionMask = 2147483647;
			files = (
				9A5281761733A36300576445 /* MobileCoreServices.framework in Frameworks */,
				9A5281771733A36300576445 /* SystemConfiguration.framework in Frameworks */,
				9A6C72F31732448F00A9B798 /* QuartzCore.framework in Frameworks */,
				9A1A7059172B944400024317 /* CFNetwork.framework in Frameworks */,
				9ABFCD9E172A506C0022A9C4 /* CoreData.framework in Frameworks */,
				9ABFCD9C172A50660022A9C4 /* CoreLocation.framework in Frameworks */,
				9ABFCD9A172A50600022A9C4 /* MapKit.framework in Frameworks */,
				9ABFCD20172A2FED0022A9C4 /* UIKit.framework in Frameworks */,
				9ABFCD22172A2FED0022A9C4 /* Foundation.framework in Frameworks */,
				9ABFCD24172A2FED0022A9C4 /* CoreGraphics.framework in Frameworks */,
			);
			runOnlyForDeploymentPostprocessing = 0;
		};
/* End PBXFrameworksBuildPhase section */

/* Begin PBXGroup section */
		6A2693051733648900C5BA38 /* DetailAnnotationPage */ = {
			isa = PBXGroup;
			children = (
				6A269306173364AF00C5BA38 /* DetailAnnotationViewController.h */,
				6A269307173364AF00C5BA38 /* DetailAnnotationViewController.m */,
				6A269308173364AF00C5BA38 /* DetailAnnotationViewController.xib */,
				6A3DB60517343E23008C1CEF /* DetailAnnotationViewController_iPad.xib */,
				6A8076801734B4FD00AD0CD7 /* DetailAnnotationViewCell.h */,
				6A8076811734B4FD00AD0CD7 /* DetailAnnotationViewCell.m */,
				6A8076831734B51400AD0CD7 /* DetailAnnotationViewCell.xib */,
				6A82779A1735F83D0018951A /* DetailAnnotationViewCell_iPad.xib */,
			);
			name = DetailAnnotationPage;
			sourceTree = "<group>";
		};
		6A26932817338B1800C5BA38 /* AFNetworking */ = {
			isa = PBXGroup;
			children = (
				6A26932917338B1800C5BA38 /* AFHTTPClient.h */,
				6A26932A17338B1800C5BA38 /* AFHTTPClient.m */,
				6A26932B17338B1800C5BA38 /* AFHTTPRequestOperation.h */,
				6A26932C17338B1800C5BA38 /* AFHTTPRequestOperation.m */,
				6A26932D17338B1800C5BA38 /* AFImageRequestOperation.h */,
				6A26932E17338B1800C5BA38 /* AFImageRequestOperation.m */,
				6A26932F17338B1800C5BA38 /* AFJSONRequestOperation.h */,
				6A26933017338B1800C5BA38 /* AFJSONRequestOperation.m */,
				6A26933117338B1800C5BA38 /* AFNetworkActivityIndicatorManager.h */,
				6A26933217338B1800C5BA38 /* AFNetworkActivityIndicatorManager.m */,
				6A26933317338B1800C5BA38 /* AFNetworking.h */,
				6A26933417338B1800C5BA38 /* AFPropertyListRequestOperation.h */,
				6A26933517338B1800C5BA38 /* AFPropertyListRequestOperation.m */,
				6A26933617338B1800C5BA38 /* AFURLConnectionOperation.h */,
				6A26933717338B1800C5BA38 /* AFURLConnectionOperation.m */,
				6A26933817338B1800C5BA38 /* AFXMLRequestOperation.h */,
				6A26933917338B1800C5BA38 /* AFXMLRequestOperation.m */,
				6A26933A17338B1800C5BA38 /* UIImageView+AFNetworking.h */,
				6A26933B17338B1800C5BA38 /* UIImageView+AFNetworking.m */,
			);
			path = AFNetworking;
			sourceTree = "<group>";
		};
		9A1A704C172B8FFA00024317 /* FilterPage */ = {
			isa = PBXGroup;
			children = (
				9A1A704D172B901200024317 /* FilterViewController.h */,
				9A1A704E172B901200024317 /* FilterViewController.m */,
				9A1A704F172B901200024317 /* FilterViewController.xib */,
				6A3DB60317343DED008C1CEF /* FilterViewController_iPad.xib */,
				9AF13D091732A0D0002F0909 /* FilterViewCell.h */,
				9AF13D0A1732A0D0002F0909 /* FilterViewCell.m */,
				9AF13D0C1732A0E3002F0909 /* FilterViewCell.xib */,
				6A4CC2BF173610970009B9D5 /* CityViewCell.xib */,
			);
			name = FilterPage;
			sourceTree = "<group>";
		};
		9A1A7052172B941800024317 /* Reachability */ = {
			isa = PBXGroup;
			children = (
				9A1A7053172B941800024317 /* Reachability.h */,
				9A1A7054172B941800024317 /* Reachability.m */,
			);
			name = Reachability;
			path = CityGuide/Vendor/Reachability;
			sourceTree = SOURCE_ROOT;
		};
		9A6C72DF1732434200A9B798 /* DragAndDropPin */ = {
			isa = PBXGroup;
			children = (
				9A6C72E01732434200A9B798 /* DDAnnotation.h */,
				9A6C72E11732434200A9B798 /* DDAnnotation.m */,
				9A6C72E21732434200A9B798 /* DDAnnotationView.h */,
				9A6C72E31732434200A9B798 /* DDAnnotationView.m */,
				9A6C72E41732434200A9B798 /* Pin.png */,
				9A6C72E51732434200A9B798 /* PinDown1.png */,
				9A6C72E61732434200A9B798 /* PinDown2.png */,
				9A6C72E71732434200A9B798 /* PinDown3.png */,
				9A6C72E81732434200A9B798 /* PinFloating.png */,
				9A6C72E91732434200A9B798 /* PinShadow.png */,
			);
			path = DragAndDropPin;
			sourceTree = "<group>";
		};
		9ABFCD13172A2FED0022A9C4 = {
			isa = PBXGroup;
			children = (
				9ABFCD25172A2FED0022A9C4 /* CityGuide */,
				9ABFCD1E172A2FED0022A9C4 /* Frameworks */,
				9ABFCD1D172A2FED0022A9C4 /* Products */,
			);
			sourceTree = "<group>";
		};
		9ABFCD1D172A2FED0022A9C4 /* Products */ = {
			isa = PBXGroup;
			children = (
				9ABFCD1C172A2FED0022A9C4 /* City Guide.app */,
			);
			name = Products;
			sourceTree = "<group>";
		};
		9ABFCD1E172A2FED0022A9C4 /* Frameworks */ = {
			isa = PBXGroup;
			children = (
				9A5281741733A36300576445 /* MobileCoreServices.framework */,
				9A5281751733A36300576445 /* SystemConfiguration.framework */,
				9A6C72F21732448F00A9B798 /* QuartzCore.framework */,
				9A1A7058172B944400024317 /* CFNetwork.framework */,
				9ABFCD9D172A506C0022A9C4 /* CoreData.framework */,
				9ABFCD9B172A50660022A9C4 /* CoreLocation.framework */,
				9ABFCD99172A50600022A9C4 /* MapKit.framework */,
				9ABFCD1F172A2FED0022A9C4 /* UIKit.framework */,
				9ABFCD21172A2FED0022A9C4 /* Foundation.framework */,
				9ABFCD23172A2FED0022A9C4 /* CoreGraphics.framework */,
			);
			name = Frameworks;
			sourceTree = "<group>";
		};
		9ABFCD25172A2FED0022A9C4 /* CityGuide */ = {
			isa = PBXGroup;
			children = (
				9ABFCD45172A32250022A9C4 /* Assets */,
				9ABFCD46172A32250022A9C4 /* AssetsTest */,
				9ABFCD47172A32250022A9C4 /* Categories */,
				9ABFCD48172A32250022A9C4 /* DataModel */,
				9ABFCD49172A32250022A9C4 /* Helpers */,
				9ABFCD4A172A32250022A9C4 /* Networks */,
				9ABFCD4B172A32250022A9C4 /* Sections */,
				9ABFCD4C172A32250022A9C4 /* Utilities */,
				9ABFCD4D172A32250022A9C4 /* Vendor */,
				9ABFCD2E172A2FED0022A9C4 /* AppDelegate.h */,
				9ABFCD2F172A2FED0022A9C4 /* AppDelegate.m */,
				9ABFCD26172A2FED0022A9C4 /* Supporting Files */,
			);
			path = CityGuide;
			sourceTree = "<group>";
		};
		9ABFCD26172A2FED0022A9C4 /* Supporting Files */ = {
			isa = PBXGroup;
			children = (
				9ABFCD27172A2FED0022A9C4 /* CityGuide-Info.plist */,
				9ABFCD28172A2FED0022A9C4 /* InfoPlist.strings */,
				9ABFCD2B172A2FED0022A9C4 /* main.m */,
				9ABFCD2D172A2FED0022A9C4 /* CityGuide-Prefix.pch */,
				9ABFCD31172A2FED0022A9C4 /* Default.png */,
				9ABFCD33172A2FED0022A9C4 /* Default@2x.png */,
			);
			name = "Supporting Files";
			sourceTree = "<group>";
		};
		9ABFCD45172A32250022A9C4 /* Assets */ = {
			isa = PBXGroup;
			children = (
				6A4CC2B71736037C0009B9D5 /* Icon-72.png */,
				6A4CC2B81736037C0009B9D5 /* Icon-72@2x.png */,
				6A4CC2B91736037C0009B9D5 /* Icon.png */,
				6A4CC2BA1736037C0009B9D5 /* Icon@2x.png */,
				6A2693031733636E00C5BA38 /* mylocationbutton.png */,
				9A6C72F417324FA900A9B798 /* starIcon.png */,
				9A7C14A7172B9BAE00137792 /* down_button.png */,
				9A7C14A8172B9BAE00137792 /* up_button.png */,
				9ABFCDA1172A53F40022A9C4 /* button01.png */,
				9ABFCD9F172A51510022A9C4 /* SearchToolbarBackground.png */,
			);
			path = Assets;
			sourceTree = "<group>";
		};
		9ABFCD46172A32250022A9C4 /* AssetsTest */ = {
			isa = PBXGroup;
			children = (
			);
			path = AssetsTest;
			sourceTree = "<group>";
		};
		9ABFCD47172A32250022A9C4 /* Categories */ = {
			isa = PBXGroup;
			children = (
				9A1A7046172B863300024317 /* NSDictionary+EmptyString.h */,
				9A1A7047172B863300024317 /* NSDictionary+EmptyString.m */,
				6A8076851734C43500AD0CD7 /* UILabel+Custom.h */,
				6A8076861734C43500AD0CD7 /* UILabel+Custom.m */,
			);
			path = Categories;
			sourceTree = "<group>";
		};
		9ABFCD48172A32250022A9C4 /* DataModel */ = {
			isa = PBXGroup;
			children = (
				9ABFCDC1172A747E0022A9C4 /* CityGuideModel.xcdatamodeld */,
				9A1A7049172B87FD00024317 /* Places.h */,
				9A1A704A172B87FD00024317 /* Places.m */,
				6A68C1E1172AF4570015D2F3 /* Places+Custom.h */,
				6A68C1E2172AF4570015D2F3 /* Places+Custom.m */,
				6A68C1DE172AEDD50015D2F3 /* CityGuideCoreDataManager.h */,
				6A68C1DF172AEDD50015D2F3 /* CityGuideCoreDataManager.m */,
			);
			path = DataModel;
			sourceTree = "<group>";
		};
		9ABFCD49172A32250022A9C4 /* Helpers */ = {
			isa = PBXGroup;
			children = (
				9ABFCDA3172A55090022A9C4 /* Define.h */,
				9A6C72DC1732119A00A9B798 /* Utils.h */,
				9A6C72DD1732119A00A9B798 /* Utils.m */,
			);
			path = Helpers;
			sourceTree = "<group>";
		};
		9ABFCD4A172A32250022A9C4 /* Networks */ = {
			isa = PBXGroup;
			children = (
			);
			path = Networks;
			sourceTree = "<group>";
		};
		9ABFCD4B172A32250022A9C4 /* Sections */ = {
			isa = PBXGroup;
			children = (
				6A2693051733648900C5BA38 /* DetailAnnotationPage */,
				9A1A704C172B8FFA00024317 /* FilterPage */,
				9ABFCD4E172A35310022A9C4 /* HomePage */,
			);
			path = Sections;
			sourceTree = "<group>";
		};
		9ABFCD4C172A32250022A9C4 /* Utilities */ = {
			isa = PBXGroup;
			children = (
				9A034499172B766C00042F42 /* MBProgressHUD.h */,
				9A03449A172B766C00042F42 /* MBProgressHUD.m */,
			);
			path = Utilities;
			sourceTree = "<group>";
		};
		9ABFCD4D172A32250022A9C4 /* Vendor */ = {
			isa = PBXGroup;
			children = (
				9A1A7052172B941800024317 /* Reachability */,
				6A26932817338B1800C5BA38 /* AFNetworking */,
				9A6C72DF1732434200A9B798 /* DragAndDropPin */,
			);
			path = Vendor;
			sourceTree = "<group>";
		};
		9ABFCD4E172A35310022A9C4 /* HomePage */ = {
			isa = PBXGroup;
			children = (
				9ABFCD4F172A35880022A9C4 /* HomeViewController.h */,
				9ABFCD50172A35880022A9C4 /* HomeViewController.m */,
				9ABFCD51172A35880022A9C4 /* HomeViewController.xib */,
				9ABFCD97172A36E50022A9C4 /* HomeViewController_iPad.xib */,
				6A1F9AB0172E75A900A036E3 /* PlaceAnnotation.h */,
				6A1F9AB1172E75A900A036E3 /* PlaceAnnotation.m */,
			);
			name = HomePage;
			sourceTree = "<group>";
		};
/* End PBXGroup section */

/* Begin PBXNativeTarget section */
		9ABFCD1B172A2FED0022A9C4 /* CityGuide */ = {
			isa = PBXNativeTarget;
			buildConfigurationList = 9ABFCD42172A2FED0022A9C4 /* Build configuration list for PBXNativeTarget "CityGuide" */;
			buildPhases = (
				9ABFCD18172A2FED0022A9C4 /* Sources */,
				9ABFCD19172A2FED0022A9C4 /* Frameworks */,
				9ABFCD1A172A2FED0022A9C4 /* Resources */,
			);
			buildRules = (
			);
			dependencies = (
			);
			name = CityGuide;
			productName = CityGuide;
			productReference = 9ABFCD1C172A2FED0022A9C4 /* City Guide.app */;
			productType = "com.apple.product-type.application";
		};
/* End PBXNativeTarget section */

/* Begin PBXProject section */
		9ABFCD14172A2FED0022A9C4 /* Project object */ = {
			isa = PBXProject;
			attributes = {
				LastUpgradeCheck = 0460;
				ORGANIZATIONNAME = Toan.Quach;
			};
			buildConfigurationList = 9ABFCD17172A2FED0022A9C4 /* Build configuration list for PBXProject "CityGuide" */;
			compatibilityVersion = "Xcode 3.2";
			developmentRegion = English;
			hasScannedForEncodings = 0;
			knownRegions = (
				en,
			);
			mainGroup = 9ABFCD13172A2FED0022A9C4;
			productRefGroup = 9ABFCD1D172A2FED0022A9C4 /* Products */;
			projectDirPath = "";
			projectRoot = "";
			targets = (
				9ABFCD1B172A2FED0022A9C4 /* CityGuide */,
			);
		};
/* End PBXProject section */

/* Begin PBXResourcesBuildPhase section */
		9ABFCD1A172A2FED0022A9C4 /* Resources */ = {
			isa = PBXResourcesBuildPhase;
			buildActionMask = 2147483647;
			files = (
				9ABFCD2A172A2FED0022A9C4 /* InfoPlist.strings in Resources */,
				9ABFCD32172A2FED0022A9C4 /* Default.png in Resources */,
				9ABFCD34172A2FED0022A9C4 /* Default@2x.png in Resources */,
				9ABFCD53172A35880022A9C4 /* HomeViewController.xib in Resources */,
				9ABFCD98172A36E50022A9C4 /* HomeViewController_iPad.xib in Resources */,
				9ABFCDA0172A51510022A9C4 /* SearchToolbarBackground.png in Resources */,
				9ABFCDA2172A53F40022A9C4 /* button01.png in Resources */,
				9A1A7051172B901200024317 /* FilterViewController.xib in Resources */,
				9A7C14A9172B9BAE00137792 /* down_button.png in Resources */,
				9A7C14AA172B9BAE00137792 /* up_button.png in Resources */,
				9A6C72EC1732434200A9B798 /* Pin.png in Resources */,
				9A6C72ED1732434200A9B798 /* PinDown1.png in Resources */,
				9A6C72EE1732434200A9B798 /* PinDown2.png in Resources */,
				9A6C72EF1732434200A9B798 /* PinDown3.png in Resources */,
				9A6C72F01732434200A9B798 /* PinFloating.png in Resources */,
				9A6C72F11732434200A9B798 /* PinShadow.png in Resources */,
				9A6C72F517324FA900A9B798 /* starIcon.png in Resources */,
				9AF13D0D1732A0E3002F0909 /* FilterViewCell.xib in Resources */,
				6A2693041733636E00C5BA38 /* mylocationbutton.png in Resources */,
				6A26930A173364AF00C5BA38 /* DetailAnnotationViewController.xib in Resources */,
				6A3DB60417343DEE008C1CEF /* FilterViewController_iPad.xib in Resources */,
				6A3DB60617343E23008C1CEF /* DetailAnnotationViewController_iPad.xib in Resources */,
				6A8076841734B51400AD0CD7 /* DetailAnnotationViewCell.xib in Resources */,
				6A82779B1735F83D0018951A /* DetailAnnotationViewCell_iPad.xib in Resources */,
				6A4CC2BB1736037C0009B9D5 /* Icon-72.png in Resources */,
				6A4CC2BC1736037C0009B9D5 /* Icon-72@2x.png in Resources */,
				6A4CC2BD1736037C0009B9D5 /* Icon.png in Resources */,
				6A4CC2BE1736037C0009B9D5 /* Icon@2x.png in Resources */,
				6A4CC2C0173610970009B9D5 /* CityViewCell.xib in Resources */,
			);
			runOnlyForDeploymentPostprocessing = 0;
		};
/* End PBXResourcesBuildPhase section */

/* Begin PBXSourcesBuildPhase section */
		9ABFCD18172A2FED0022A9C4 /* Sources */ = {
			isa = PBXSourcesBuildPhase;
			buildActionMask = 2147483647;
			files = (
				9ABFCD2C172A2FED0022A9C4 /* main.m in Sources */,
				9ABFCD30172A2FED0022A9C4 /* AppDelegate.m in Sources */,
				9ABFCD52172A35880022A9C4 /* HomeViewController.m in Sources */,
				9ABFCDC3172A747E0022A9C4 /* CityGuideModel.xcdatamodeld in Sources */,
				6A68C1E0172AEDD50015D2F3 /* CityGuideCoreDataManager.m in Sources */,
				6A68C1E3172AF4580015D2F3 /* Places+Custom.m in Sources */,
				9A03449B172B766C00042F42 /* MBProgressHUD.m in Sources */,
				9A1A7048172B863300024317 /* NSDictionary+EmptyString.m in Sources */,
				9A1A704B172B87FD00024317 /* Places.m in Sources */,
				9A1A7050172B901200024317 /* FilterViewController.m in Sources */,
				9A1A7055172B941800024317 /* Reachability.m in Sources */,
				6A1F9AB2172E75A900A036E3 /* PlaceAnnotation.m in Sources */,
				9A6C72DE1732119A00A9B798 /* Utils.m in Sources */,
				9A6C72EA1732434200A9B798 /* DDAnnotation.m in Sources */,
				9A6C72EB1732434200A9B798 /* DDAnnotationView.m in Sources */,
				9AF13D0B1732A0D0002F0909 /* FilterViewCell.m in Sources */,
				6A269309173364AF00C5BA38 /* DetailAnnotationViewController.m in Sources */,
				6A26933C17338B1800C5BA38 /* AFHTTPClient.m in Sources */,
				6A26933D17338B1800C5BA38 /* AFHTTPRequestOperation.m in Sources */,
				6A26933E17338B1800C5BA38 /* AFImageRequestOperation.m in Sources */,
				6A26933F17338B1800C5BA38 /* AFJSONRequestOperation.m in Sources */,
				6A26934017338B1800C5BA38 /* AFNetworkActivityIndicatorManager.m in Sources */,
				6A26934117338B1800C5BA38 /* AFPropertyListRequestOperation.m in Sources */,
				6A26934217338B1800C5BA38 /* AFURLConnectionOperation.m in Sources */,
				6A26934317338B1800C5BA38 /* AFXMLRequestOperation.m in Sources */,
				6A26934417338B1800C5BA38 /* UIImageView+AFNetworking.m in Sources */,
				6A8076821734B4FD00AD0CD7 /* DetailAnnotationViewCell.m in Sources */,
				6A8076871734C43500AD0CD7 /* UILabel+Custom.m in Sources */,
			);
			runOnlyForDeploymentPostprocessing = 0;
		};
/* End PBXSourcesBuildPhase section */

/* Begin PBXVariantGroup section */
		9ABFCD28172A2FED0022A9C4 /* InfoPlist.strings */ = {
			isa = PBXVariantGroup;
			children = (
				9ABFCD29172A2FED0022A9C4 /* en */,
			);
			name = InfoPlist.strings;
			sourceTree = "<group>";
		};
/* End PBXVariantGroup section */

/* Begin XCBuildConfiguration section */
		9ABFCD40172A2FED0022A9C4 /* Debug */ = {
			isa = XCBuildConfiguration;
			buildSettings = {
				ALWAYS_SEARCH_USER_PATHS = NO;
				CLANG_CXX_LANGUAGE_STANDARD = "gnu++0x";
				CLANG_CXX_LIBRARY = "libc++";
				CLANG_WARN_CONSTANT_CONVERSION = YES;
				CLANG_WARN_EMPTY_BODY = YES;
				CLANG_WARN_ENUM_CONVERSION = YES;
				CLANG_WARN_INT_CONVERSION = YES;
				CLANG_WARN__DUPLICATE_METHOD_MATCH = YES;
				"CODE_SIGN_IDENTITY[sdk=iphoneos*]" = "iPhone Developer";
				COPY_PHASE_STRIP = NO;
				GCC_C_LANGUAGE_STANDARD = gnu99;
				GCC_DYNAMIC_NO_PIC = NO;
				GCC_OPTIMIZATION_LEVEL = 0;
				GCC_PREPROCESSOR_DEFINITIONS = (
					"DEBUG=1",
					"$(inherited)",
				);
				GCC_SYMBOLS_PRIVATE_EXTERN = NO;
				GCC_WARN_ABOUT_RETURN_TYPE = YES;
				GCC_WARN_UNINITIALIZED_AUTOS = YES;
				GCC_WARN_UNUSED_VARIABLE = YES;
				IPHONEOS_DEPLOYMENT_TARGET = 6.1;
				ONLY_ACTIVE_ARCH = YES;
				SDKROOT = iphoneos;
				TARGETED_DEVICE_FAMILY = "1,2";
			};
			name = Debug;
		};
		9ABFCD41172A2FED0022A9C4 /* Release */ = {
			isa = XCBuildConfiguration;
			buildSettings = {
				ALWAYS_SEARCH_USER_PATHS = NO;
				CLANG_CXX_LANGUAGE_STANDARD = "gnu++0x";
				CLANG_CXX_LIBRARY = "libc++";
				CLANG_WARN_CONSTANT_CONVERSION = YES;
				CLANG_WARN_EMPTY_BODY = YES;
				CLANG_WARN_ENUM_CONVERSION = YES;
				CLANG_WARN_INT_CONVERSION = YES;
				CLANG_WARN__DUPLICATE_METHOD_MATCH = YES;
				"CODE_SIGN_IDENTITY[sdk=iphoneos*]" = "iPhone Developer";
				COPY_PHASE_STRIP = YES;
				GCC_C_LANGUAGE_STANDARD = gnu99;
				GCC_WARN_ABOUT_RETURN_TYPE = YES;
				GCC_WARN_UNINITIALIZED_AUTOS = YES;
				GCC_WARN_UNUSED_VARIABLE = YES;
				IPHONEOS_DEPLOYMENT_TARGET = 6.1;
				OTHER_CFLAGS = "-DNS_BLOCK_ASSERTIONS=1";
				SDKROOT = iphoneos;
				TARGETED_DEVICE_FAMILY = "1,2";
				VALIDATE_PRODUCT = YES;
			};
			name = Release;
		};
		9ABFCD43172A2FED0022A9C4 /* Debug */ = {
			isa = XCBuildConfiguration;
			buildSettings = {
				"CODE_SIGN_IDENTITY[sdk=iphoneos*]" = "iPhone Developer: Hai Nguyen (7XV4A7MU2Z)";
				GCC_PRECOMPILE_PREFIX_HEADER = YES;
				GCC_PREFIX_HEADER = "CityGuide/CityGuide-Prefix.pch";
				INFOPLIST_FILE = "CityGuide/CityGuide-Info.plist";
				IPHONEOS_DEPLOYMENT_TARGET = 5.0;
				PRODUCT_NAME = "City Guide";
				"PROVISIONING_PROFILE[sdk=iphoneos*]" = "CA05062C-7314-4677-8833-01882D53884C";
				WRAPPER_EXTENSION = app;
			};
			name = Debug;
		};
		9ABFCD44172A2FED0022A9C4 /* Release */ = {
			isa = XCBuildConfiguration;
			buildSettings = {
				GCC_PRECOMPILE_PREFIX_HEADER = YES;
				GCC_PREFIX_HEADER = "CityGuide/CityGuide-Prefix.pch";
				INFOPLIST_FILE = "CityGuide/CityGuide-Info.plist";
				IPHONEOS_DEPLOYMENT_TARGET = 5.0;
				PRODUCT_NAME = "City Guide";
				WRAPPER_EXTENSION = app;
			};
			name = Release;
		};
/* End XCBuildConfiguration section */

/* Begin XCConfigurationList section */
		9ABFCD17172A2FED0022A9C4 /* Build configuration list for PBXProject "CityGuide" */ = {
			isa = XCConfigurationList;
			buildConfigurations = (
				9ABFCD40172A2FED0022A9C4 /* Debug */,
				9ABFCD41172A2FED0022A9C4 /* Release */,
			);
			defaultConfigurationIsVisible = 0;
			defaultConfigurationName = Release;
		};
		9ABFCD42172A2FED0022A9C4 /* Build configuration list for PBXNativeTarget "CityGuide" */ = {
			isa = XCConfigurationList;
			buildConfigurations = (
				9ABFCD43172A2FED0022A9C4 /* Debug */,
				9ABFCD44172A2FED0022A9C4 /* Release */,
			);
			defaultConfigurationIsVisible = 0;
			defaultConfigurationName = Release;
		};
/* End XCConfigurationList section */

/* Begin XCVersionGroup section */
		9ABFCDC1172A747E0022A9C4 /* CityGuideModel.xcdatamodeld */ = {
			isa = XCVersionGroup;
			children = (
				9ABFCDC2172A747E0022A9C4 /* CityGuideModel.xcdatamodel */,
			);
			currentVersion = 9ABFCDC2172A747E0022A9C4 /* CityGuideModel.xcdatamodel */;
			path = CityGuideModel.xcdatamodeld;
			sourceTree = "<group>";
			versionGroupType = wrapper.xcdatamodel;
		};
/* End XCVersionGroup section */
	};
	rootObject = 9ABFCD14172A2FED0022A9C4 /* Project object */;
}
